
Microsoft Visual Studio Solution File, Format Version 12.00
# Visual Studio Version 17
VisualStudioVersion = 17.2.32616.157
MinimumVisualStudioVersion = 10.0.40219.1
Project("{FAE04EC0-301F-11D3-BF4B-00C04F79EFBC}") = "AngularProject8", "AngularProject8\AngularProject8.csproj", "{254A0AEC-CE52-4C41-A068-C9D844023E4D}"
EndProject
Global
	GlobalSection(SolutionConfigurationPlatforms) = preSolution
		Debug|Any CPU = Debug|Any CPU
		Release|Any CPU = Release|Any CPU
	EndGlobalSection
	GlobalSection(ProjectConfigurationPlatforms) = postSolution
		{254A0AEC-CE52-4C41-A068-C9D844023E4D}.Debug|Any CPU.ActiveCfg = Debug|Any CPU
		{254A0AEC-CE52-4C41-A068-C9D844023E4D}.Debug|Any CPU.Build.0 = Debug|Any CPU
		{254A0AEC-CE52-4C41-A068-C9D844023E4D}.Release|Any CPU.ActiveCfg = Release|Any CPU
		{254A0AEC-CE52-4C41-A068-C9D844023E4D}.Release|Any CPU.Build.0 = Release|Any CPU
	EndGlobalSection
	GlobalSection(SolutionProperties) = preSolution
		HideSolutionNode = FALSE
	EndGlobalSection
	GlobalSection(ExtensibilityGlobals) = postSolution
		SolutionGuid = {1BE332D3-47E9-47E3-8B25-8EB982B7686C}
	EndGlobalSection
EndGlobal
